
Microsoft Visual Studio Solution File, Format Version 12.00
# Visual Studio 15
VisualStudioVersion = 15.0.27428.2037
MinimumVisualStudioVersion = 10.0.40219.1
Project("{FAE04EC0-301F-11D3-BF4B-00C04F79EFBC}") = "Sierpinski_triangle", "Sierpinski_triangle.csproj", "{B87C0D95-A557-49B4-BE40-714D85EA8BE6}"
EndProject
Global
	GlobalSection(SolutionConfigurationPlatforms) = preSolution
		Debug|Any CPU = Debug|Any CPU
		Release|Any CPU = Release|Any CPU
	EndGlobalSection
	GlobalSection(ProjectConfigurationPlatforms) = postSolution
		{B87C0D95-A557-49B4-BE40-714D85EA8BE6}.Debug|Any CPU.ActiveCfg = Debug|Any CPU
		{B87C0D95-A557-49B4-BE40-714D85EA8BE6}.Debug|Any CPU.Build.0 = Debug|Any CPU
		{B87C0D95-A557-49B4-BE40-714D85EA8BE6}.Release|Any CPU.ActiveCfg = Release|Any CPU
		{B87C0D95-A557-49B4-BE40-714D85EA8BE6}.Release|Any CPU.Build.0 = Release|Any CPU
	EndGlobalSection
	GlobalSection(SolutionProperties) = preSolution
		HideSolutionNode = FALSE
	EndGlobalSection
	GlobalSection(ExtensibilityGlobals) = postSolution
		SolutionGuid = {C3F841E8-C0B7-468D-8954-79BF4B06B8AD}
	EndGlobalSection
EndGlobal
